
Microsoft Visual Studio Solution File, Format Version 12.00
# Visual Studio Version 16
VisualStudioVersion = 16.0.30114.105
MinimumVisualStudioVersion = 10.0.40219.1
Project("{FAE04EC0-301F-11D3-BF4B-00C04F79EFBC}") = "LangParser", "LangParser\LangParser.csproj", "{CFE21102-7237-4AF7-AC3D-F82ADDC57F0E}"
EndProject
Project("{FAE04EC0-301F-11D3-BF4B-00C04F79EFBC}") = "LangParserTests", "LangParserTests\LangParserTests.csproj", "{1DF529EC-239A-45FB-A34D-83AD998C9289}"
EndProject
Global
	GlobalSection(SolutionConfigurationPlatforms) = preSolution
		Debug|Any CPU = Debug|Any CPU
		Release|Any CPU = Release|Any CPU
	EndGlobalSection
	GlobalSection(SolutionProperties) = preSolution
		HideSolutionNode = FALSE
	EndGlobalSection
	GlobalSection(ProjectConfigurationPlatforms) = postSolution
		{CFE21102-7237-4AF7-AC3D-F82ADDC57F0E}.Debug|Any CPU.ActiveCfg = Debug|Any CPU
		{CFE21102-7237-4AF7-AC3D-F82ADDC57F0E}.Debug|Any CPU.Build.0 = Debug|Any CPU
		{CFE21102-7237-4AF7-AC3D-F82ADDC57F0E}.Release|Any CPU.ActiveCfg = Release|Any CPU
		{CFE21102-7237-4AF7-AC3D-F82ADDC57F0E}.Release|Any CPU.Build.0 = Release|Any CPU
		{1DF529EC-239A-45FB-A34D-83AD998C9289}.Debug|Any CPU.ActiveCfg = Debug|Any CPU
		{1DF529EC-239A-45FB-A34D-83AD998C9289}.Debug|Any CPU.Build.0 = Debug|Any CPU
		{1DF529EC-239A-45FB-A34D-83AD998C9289}.Release|Any CPU.ActiveCfg = Release|Any CPU
		{1DF529EC-239A-45FB-A34D-83AD998C9289}.Release|Any CPU.Build.0 = Release|Any CPU
	EndGlobalSection
EndGlobal
